# This file is automatically @generated by Cargo.
# It is not intended for manual editing.
version = 3

[[package]]
name = "max-subarray-sum"
version = "0.1.7"
source = "registry+https://github.com/rust-lang/crates.io-index"
checksum = "d3e784f0950adad656d9652641ce3063396995fef46056585d38996937d4dd3b"

[[package]]
name = "rust_project"
version = "0.1.0"
dependencies = [
 "max-subarray-sum",
]
